# This file is autogenerated, do not edit; changes may be undone by the next 'dep ensure'.


[[projects]]
  name = "github.com/deckarep/golang-set"
  packages = ["."]
  revision = "1d4478f51bed434f1dadf96dcd9b43aabac66795"
  version = "v1.7"

[[projects]]
  name = "github.com/mingrammer/commonregex"
  packages = ["."]
  revision = "6565f25cf48f171541d423805a62917ea02f7d65"
  version = "v1.0.0"

[[projects]]
  name = "github.com/montanaflynn/stats"
  packages = ["."]
  revision = "1bf9dbcd8cbe1fdb75add3785b1d4a9a646269ab"
  version = "0.3.0"

[[projects]]
  branch = "master"
  name = "gonum.org/v1/gonum"
  packages = [
    "blas",
    "blas/blas64",
    "blas/gonum",
    "floats",
    "internal/asm/c128",
    "internal/asm/f32",
    "internal/asm/f64",
    "internal/math32",
    "lapack",
    "lapack/gonum",
    "lapack/lapack64",
    "mat"
  ]
  revision = "95e9db9a70fd50632d7723641395d92a1f134d06"

[[projects]]
  branch = "v2"
  name = "gopkg.in/jdkato/prose.v2"
  packages = ["."]
  revision = "767a23049b9e59ef675496a9406a1e456bc5ad6e"

[[projects]]
  name = "gopkg.in/neurosnap/sentences.v1"
  packages = [
    ".",
    "data"
  ]
  revision = "a7f18ead1433a139742a8b42ce7a059cfb484d60"
  version = "v1.0.6"

[solve-meta]
  analyzer-name = "dep"
  analyzer-version = 1
  inputs-digest = "729ac5a441376c83295b3309d7bbc461947751996f6d2aa0240ab072b0a6425d"
  solver-name = "gps-cdcl"
  solver-version = 1
